{
  "version": 4,
  "terraform_version": "0.12.24",
  "serial": 69,
  "lineage": "8f42a590-6b72-122e-9250-59d9262cb9cb",
  "outputs": {},
  "resources": [
    {
      "mode": "managed",
      "type": "aws_eip",
      "name": "nat_ip_A",
      "provider": "provider.aws",
      "instances": [
        {
          "schema_version": 0,
          "attributes": {
            "allocation_id": null,
            "associate_with_private_ip": null,
            "association_id": "",
            "customer_owned_ip": "",
            "customer_owned_ipv4_pool": "",
            "domain": "vpc",
            "id": "eipalloc-08618bf776733e06c",
            "instance": "",
            "network_interface": "",
            "private_dns": null,
            "private_ip": "",
            "public_dns": "ec2-54-235-183-119.compute-1.amazonaws.com",
            "public_ip": "54.235.183.119",
            "public_ipv4_pool": "amazon",
            "tags": {
              "App": "Boiler",
              "Name": "NAT_Gateway_A_IP"
            },
            "timeouts": null,
            "vpc": true
          },
          "private": "eyJlMmJmYjczMC1lY2FhLTExZTYtOGY4OC0zNDM2M2JjN2M0YzAiOnsiZGVsZXRlIjoxODAwMDAwMDAwMDAsInJlYWQiOjkwMDAwMDAwMDAwMCwidXBkYXRlIjozMDAwMDAwMDAwMDB9fQ=="
        }
      ]
    },
    {
      "mode": "managed",
      "type": "aws_eip",
      "name": "nat_ip_B",
      "provider": "provider.aws",
      "instances": [
        {
          "schema_version": 0,
          "attributes": {
            "allocation_id": null,
            "associate_with_private_ip": null,
            "association_id": "",
            "customer_owned_ip": "",
            "customer_owned_ipv4_pool": "",
            "domain": "vpc",
            "id": "eipalloc-0f6df400823976377",
            "instance": "",
            "network_interface": "",
            "private_dns": null,
            "private_ip": "",
            "public_dns": "ec2-54-234-80-182.compute-1.amazonaws.com",
            "public_ip": "54.234.80.182",
            "public_ipv4_pool": "amazon",
            "tags": {
              "App": "Boiler",
              "Name": "NAT_Gateway_B_IP"
            },
            "timeouts": null,
            "vpc": true
          },
          "private": "eyJlMmJmYjczMC1lY2FhLTExZTYtOGY4OC0zNDM2M2JjN2M0YzAiOnsiZGVsZXRlIjoxODAwMDAwMDAwMDAsInJlYWQiOjkwMDAwMDAwMDAwMCwidXBkYXRlIjozMDAwMDAwMDAwMDB9fQ=="
        }
      ]
    },
    {
      "mode": "managed",
      "type": "aws_internet_gateway",
      "name": "internet_gateway",
      "provider": "provider.aws",
      "instances": [
        {
          "schema_version": 0,
          "attributes": {
            "arn": "arn:aws:ec2:us-east-1:275024362756:internet-gateway/igw-0e1fefb592e5e29ff",
            "id": "igw-0e1fefb592e5e29ff",
            "owner_id": "275024362756",
            "tags": {
              "App": "Boiler",
              "Name": "Internet Gateway"
            },
            "vpc_id": "vpc-0b481c52bcaeec956"
          },
          "private": "bnVsbA==",
          "dependencies": [
            "aws_vpc.main"
          ]
        }
      ]
    },
    {
      "mode": "managed",
      "type": "aws_launch_template",
      "name": "base_launch_template",
      "provider": "provider.aws",
      "instances": [
        {
          "schema_version": 0,
          "attributes": {
            "arn": "arn:aws:ec2:us-east-1:275024362756:launch-template/lt-08b55f2f77e18c99c",
            "block_device_mappings": [
              {
                "device_name": "/dev/sda1",
                "ebs": [
                  {
                    "delete_on_termination": "",
                    "encrypted": "",
                    "iops": 0,
                    "kms_key_id": "",
                    "snapshot_id": "",
                    "volume_size": 8,
                    "volume_type": ""
                  }
                ],
                "no_device": "",
                "virtual_name": ""
              }
            ],
            "capacity_reservation_specification": [],
            "cpu_options": [],
            "credit_specification": [],
            "default_version": 1,
            "description": "",
            "disable_api_termination": false,
            "ebs_optimized": "true",
            "elastic_gpu_specifications": [],
            "elastic_inference_accelerator": [],
            "hibernation_options": [],
            "iam_instance_profile": [
              {
                "arn": "",
                "name": "test"
              }
            ],
            "id": "lt-08b55f2f77e18c99c",
            "image_id": "ami-06b263d6ceff0b3dd",
            "instance_initiated_shutdown_behavior": "",
            "instance_market_options": [
              {
                "market_type": "spot",
                "spot_options": []
              }
            ],
            "instance_type": "t3.micro",
            "kernel_id": "",
            "key_name": "lynn2",
            "latest_version": 1,
            "license_specification": [],
            "metadata_options": [],
            "monitoring": [
              {
                "enabled": true
              }
            ],
            "name": "books_app_launch_template",
            "name_prefix": null,
            "network_interfaces": [],
            "placement": [
              {
                "affinity": "",
                "availability_zone": "us-east-1a",
                "group_name": "",
                "host_id": "",
                "partition_number": 0,
                "spread_domain": "",
                "tenancy": ""
              }
            ],
            "ram_disk_id": "",
            "security_group_names": null,
            "tag_specifications": [],
            "tags": {
              "App": "Boiler",
              "Name": "Books_load_balancer"
            },
            "update_default_version": null,
            "user_data": "bm9kZSBhcHAuanM=",
            "vpc_security_group_ids": [
              "sg-03553b33ab975b4d0"
            ]
          },
          "private": "bnVsbA=="
        }
      ]
    },
    {
      "mode": "managed",
      "type": "aws_nat_gateway",
      "name": "nat_A",
      "provider": "provider.aws",
      "instances": [
        {
          "schema_version": 0,
          "attributes": {
            "allocation_id": "eipalloc-08618bf776733e06c",
            "id": "nat-04265fce96b6ac842",
            "network_interface_id": "eni-0f667191e09751808",
            "private_ip": "10.0.3.246",
            "public_ip": "54.235.183.119",
            "subnet_id": "subnet-0b82a3f59e90a37a5",
            "tags": {
              "App": "Boiler",
              "Name": "NAT_Gateway_A"
            }
          },
          "private": "bnVsbA==",
          "dependencies": [
            "aws_eip.nat_ip_A",
            "aws_subnet.private_A",
            "aws_vpc.main"
          ]
        }
      ]
    },
    {
      "mode": "managed",
      "type": "aws_nat_gateway",
      "name": "nat_B",
      "provider": "provider.aws",
      "instances": [
        {
          "schema_version": 0,
          "attributes": {
            "allocation_id": "eipalloc-0f6df400823976377",
            "id": "nat-0196b2a29876ec45d",
            "network_interface_id": "eni-0bfd1492eba414b2b",
            "private_ip": "10.0.4.72",
            "public_ip": "54.234.80.182",
            "subnet_id": "subnet-0faa2e3ff935b52a6",
            "tags": {
              "App": "Boiler",
              "Name": "NAT_Gateway_B"
            }
          },
          "private": "bnVsbA==",
          "dependencies": [
            "aws_eip.nat_ip_B",
            "aws_subnet.private_B",
            "aws_vpc.main"
          ]
        }
      ]
    },
    {
      "mode": "managed",
      "type": "aws_route",
      "name": "internet_gateway_route",
      "provider": "provider.aws",
      "instances": [
        {
          "schema_version": 0,
          "attributes": {
            "destination_cidr_block": "0.0.0.0/0",
            "destination_ipv6_cidr_block": "",
            "destination_prefix_list_id": "",
            "egress_only_gateway_id": "",
            "gateway_id": "igw-0e1fefb592e5e29ff",
            "id": "r-rtb-0cfdf1203e3de891d1080289494",
            "instance_id": "",
            "instance_owner_id": "",
            "local_gateway_id": "",
            "nat_gateway_id": "",
            "network_interface_id": "",
            "origin": "CreateRoute",
            "route_table_id": "rtb-0cfdf1203e3de891d",
            "state": "active",
            "timeouts": null,
            "transit_gateway_id": "",
            "vpc_peering_connection_id": ""
          },
          "private": "eyJlMmJmYjczMC1lY2FhLTExZTYtOGY4OC0zNDM2M2JjN2M0YzAiOnsiY3JlYXRlIjoxMjAwMDAwMDAwMDAsImRlbGV0ZSI6MzAwMDAwMDAwMDAwfX0=",
          "dependencies": [
            "aws_internet_gateway.internet_gateway",
            "aws_route_table.public",
            "aws_vpc.main"
          ]
        }
      ]
    },
    {
      "mode": "managed",
      "type": "aws_route",
      "name": "private_route_A",
      "provider": "provider.aws",
      "instances": [
        {
          "schema_version": 0,
          "attributes": {
            "destination_cidr_block": "0.0.0.0/0",
            "destination_ipv6_cidr_block": "",
            "destination_prefix_list_id": "",
            "egress_only_gateway_id": "",
            "gateway_id": "",
            "id": "r-rtb-001501a8acc6708731080289494",
            "instance_id": "",
            "instance_owner_id": "",
            "local_gateway_id": "",
            "nat_gateway_id": "nat-0196b2a29876ec45d",
            "network_interface_id": "",
            "origin": "CreateRoute",
            "route_table_id": "rtb-001501a8acc670873",
            "state": "active",
            "timeouts": null,
            "transit_gateway_id": "",
            "vpc_peering_connection_id": ""
          },
          "private": "eyJlMmJmYjczMC1lY2FhLTExZTYtOGY4OC0zNDM2M2JjN2M0YzAiOnsiY3JlYXRlIjoxMjAwMDAwMDAwMDAsImRlbGV0ZSI6MzAwMDAwMDAwMDAwfX0=",
          "dependencies": [
            "aws_eip.nat_ip_B",
            "aws_nat_gateway.nat_B",
            "aws_route_table.private_b",
            "aws_subnet.private_B",
            "aws_vpc.main"
          ]
        }
      ]
    },
    {
      "mode": "managed",
      "type": "aws_route",
      "name": "private_route_B",
      "provider": "provider.aws",
      "instances": [
        {
          "schema_version": 0,
          "attributes": {
            "destination_cidr_block": "0.0.0.0/0",
            "destination_ipv6_cidr_block": "",
            "destination_prefix_list_id": "",
            "egress_only_gateway_id": "",
            "gateway_id": "",
            "id": "r-rtb-00dcce8e94c7413dc1080289494",
            "instance_id": "",
            "instance_owner_id": "",
            "local_gateway_id": "",
            "nat_gateway_id": "nat-04265fce96b6ac842",
            "network_interface_id": "",
            "origin": "CreateRoute",
            "route_table_id": "rtb-00dcce8e94c7413dc",
            "state": "active",
            "timeouts": null,
            "transit_gateway_id": "",
            "vpc_peering_connection_id": ""
          },
          "private": "eyJlMmJmYjczMC1lY2FhLTExZTYtOGY4OC0zNDM2M2JjN2M0YzAiOnsiY3JlYXRlIjoxMjAwMDAwMDAwMDAsImRlbGV0ZSI6MzAwMDAwMDAwMDAwfX0=",
          "dependencies": [
            "aws_eip.nat_ip_A",
            "aws_nat_gateway.nat_A",
            "aws_route_table.private_a",
            "aws_subnet.private_A",
            "aws_vpc.main"
          ]
        }
      ]
    },
    {
      "mode": "managed",
      "type": "aws_route_table",
      "name": "private_a",
      "provider": "provider.aws",
      "instances": [
        {
          "schema_version": 0,
          "attributes": {
            "id": "rtb-00dcce8e94c7413dc",
            "owner_id": "275024362756",
            "propagating_vgws": [],
            "route": [],
            "tags": {
              "App": "Boiler",
              "Name": "Private_Route_Table_A"
            },
            "vpc_id": "vpc-0b481c52bcaeec956"
          },
          "private": "bnVsbA==",
          "dependencies": [
            "aws_vpc.main"
          ]
        }
      ]
    },
    {
      "mode": "managed",
      "type": "aws_route_table",
      "name": "private_b",
      "provider": "provider.aws",
      "instances": [
        {
          "schema_version": 0,
          "attributes": {
            "id": "rtb-001501a8acc670873",
            "owner_id": "275024362756",
            "propagating_vgws": [],
            "route": [],
            "tags": {
              "App": "Boiler",
              "Name": "Private_Route_Table_B"
            },
            "vpc_id": "vpc-0b481c52bcaeec956"
          },
          "private": "bnVsbA==",
          "dependencies": [
            "aws_vpc.main"
          ]
        }
      ]
    },
    {
      "mode": "managed",
      "type": "aws_route_table",
      "name": "public",
      "provider": "provider.aws",
      "instances": [
        {
          "schema_version": 0,
          "attributes": {
            "id": "rtb-0cfdf1203e3de891d",
            "owner_id": "275024362756",
            "propagating_vgws": [],
            "route": [],
            "tags": {
              "App": "Boiler",
              "Name": "Private_Route_Table_A"
            },
            "vpc_id": "vpc-0b481c52bcaeec956"
          },
          "private": "bnVsbA==",
          "dependencies": [
            "aws_vpc.main"
          ]
        }
      ]
    },
    {
      "mode": "managed",
      "type": "aws_route_table_association",
      "name": "a",
      "provider": "provider.aws",
      "instances": [
        {
          "schema_version": 0,
          "attributes": {
            "gateway_id": null,
            "id": "rtbassoc-00b91fa6e19d30215",
            "route_table_id": "rtb-0cfdf1203e3de891d",
            "subnet_id": "subnet-0fcbee0f295c417f6"
          },
          "private": "bnVsbA==",
          "dependencies": [
            "aws_route_table.public",
            "aws_subnet.public_A",
            "aws_vpc.main"
          ]
        }
      ]
    },
    {
      "mode": "managed",
      "type": "aws_route_table_association",
      "name": "b",
      "provider": "provider.aws",
      "instances": [
        {
          "schema_version": 0,
          "attributes": {
            "gateway_id": null,
            "id": "rtbassoc-01b82ff5ba8c74fdf",
            "route_table_id": "rtb-0cfdf1203e3de891d",
            "subnet_id": "subnet-071e319faf4fcca99"
          },
          "private": "bnVsbA==",
          "dependencies": [
            "aws_route_table.public",
            "aws_subnet.public_B",
            "aws_vpc.main"
          ]
        }
      ]
    },
    {
      "mode": "managed",
      "type": "aws_route_table_association",
      "name": "private_a",
      "provider": "provider.aws",
      "instances": [
        {
          "schema_version": 0,
          "attributes": {
            "gateway_id": null,
            "id": "rtbassoc-03f7d1ef8e03ab720",
            "route_table_id": "rtb-00dcce8e94c7413dc",
            "subnet_id": "subnet-0b82a3f59e90a37a5"
          },
          "private": "bnVsbA==",
          "dependencies": [
            "aws_route_table.private_a",
            "aws_subnet.private_A",
            "aws_vpc.main"
          ]
        }
      ]
    },
    {
      "mode": "managed",
      "type": "aws_route_table_association",
      "name": "private_b",
      "provider": "provider.aws",
      "instances": [
        {
          "schema_version": 0,
          "attributes": {
            "gateway_id": null,
            "id": "rtbassoc-03f7d1ef8e03ab720",
            "route_table_id": "rtb-00dcce8e94c7413dc",
            "subnet_id": "subnet-0b82a3f59e90a37a5"
          },
          "private": "bnVsbA==",
          "dependencies": [
            "aws_route_table.private_a",
            "aws_subnet.private_A",
            "aws_vpc.main"
          ]
        }
      ]
    },
    {
      "mode": "managed",
      "type": "aws_subnet",
      "name": "private_A",
      "provider": "provider.aws",
      "instances": [
        {
          "schema_version": 1,
          "attributes": {
            "arn": "arn:aws:ec2:us-east-1:275024362756:subnet/subnet-0b82a3f59e90a37a5",
            "assign_ipv6_address_on_creation": false,
            "availability_zone": "us-east-1d",
            "availability_zone_id": "use1-az4",
            "cidr_block": "10.0.3.0/24",
            "id": "subnet-0b82a3f59e90a37a5",
            "ipv6_cidr_block": "",
            "ipv6_cidr_block_association_id": "",
            "map_public_ip_on_launch": false,
            "outpost_arn": "",
            "owner_id": "275024362756",
            "tags": {
              "App": "Boiler",
              "Name": "private_A"
            },
            "timeouts": null,
            "vpc_id": "vpc-0b481c52bcaeec956"
          },
          "private": "eyJlMmJmYjczMC1lY2FhLTExZTYtOGY4OC0zNDM2M2JjN2M0YzAiOnsiY3JlYXRlIjo2MDAwMDAwMDAwMDAsImRlbGV0ZSI6MTIwMDAwMDAwMDAwMH0sInNjaGVtYV92ZXJzaW9uIjoiMSJ9",
          "dependencies": [
            "aws_vpc.main"
          ]
        }
      ]
    },
    {
      "mode": "managed",
      "type": "aws_subnet",
      "name": "private_B",
      "provider": "provider.aws",
      "instances": [
        {
          "schema_version": 1,
          "attributes": {
            "arn": "arn:aws:ec2:us-east-1:275024362756:subnet/subnet-0faa2e3ff935b52a6",
            "assign_ipv6_address_on_creation": false,
            "availability_zone": "us-east-1d",
            "availability_zone_id": "use1-az4",
            "cidr_block": "10.0.4.0/24",
            "id": "subnet-0faa2e3ff935b52a6",
            "ipv6_cidr_block": "",
            "ipv6_cidr_block_association_id": "",
            "map_public_ip_on_launch": false,
            "outpost_arn": "",
            "owner_id": "275024362756",
            "tags": {
              "App": "Boiler",
              "Name": "private_B"
            },
            "timeouts": null,
            "vpc_id": "vpc-0b481c52bcaeec956"
          },
          "private": "eyJlMmJmYjczMC1lY2FhLTExZTYtOGY4OC0zNDM2M2JjN2M0YzAiOnsiY3JlYXRlIjo2MDAwMDAwMDAwMDAsImRlbGV0ZSI6MTIwMDAwMDAwMDAwMH0sInNjaGVtYV92ZXJzaW9uIjoiMSJ9",
          "dependencies": [
            "aws_vpc.main"
          ]
        }
      ]
    },
    {
      "mode": "managed",
      "type": "aws_subnet",
      "name": "public_A",
      "provider": "provider.aws",
      "instances": [
        {
          "schema_version": 1,
          "attributes": {
            "arn": "arn:aws:ec2:us-east-1:275024362756:subnet/subnet-0fcbee0f295c417f6",
            "assign_ipv6_address_on_creation": false,
            "availability_zone": "us-east-1f",
            "availability_zone_id": "use1-az5",
            "cidr_block": "10.0.1.0/24",
            "id": "subnet-0fcbee0f295c417f6",
            "ipv6_cidr_block": "",
            "ipv6_cidr_block_association_id": "",
            "map_public_ip_on_launch": false,
            "outpost_arn": "",
            "owner_id": "275024362756",
            "tags": {
              "App": "Boiler",
              "Name": "public_A"
            },
            "timeouts": null,
            "vpc_id": "vpc-0b481c52bcaeec956"
          },
          "private": "eyJlMmJmYjczMC1lY2FhLTExZTYtOGY4OC0zNDM2M2JjN2M0YzAiOnsiY3JlYXRlIjo2MDAwMDAwMDAwMDAsImRlbGV0ZSI6MTIwMDAwMDAwMDAwMH0sInNjaGVtYV92ZXJzaW9uIjoiMSJ9",
          "dependencies": [
            "aws_vpc.main"
          ]
        }
      ]
    },
    {
      "mode": "managed",
      "type": "aws_subnet",
      "name": "public_B",
      "provider": "provider.aws",
      "instances": [
        {
          "schema_version": 1,
          "attributes": {
            "arn": "arn:aws:ec2:us-east-1:275024362756:subnet/subnet-071e319faf4fcca99",
            "assign_ipv6_address_on_creation": false,
            "availability_zone": "us-east-1e",
            "availability_zone_id": "use1-az3",
            "cidr_block": "10.0.2.0/24",
            "id": "subnet-071e319faf4fcca99",
            "ipv6_cidr_block": "",
            "ipv6_cidr_block_association_id": "",
            "map_public_ip_on_launch": false,
            "outpost_arn": "",
            "owner_id": "275024362756",
            "tags": {
              "App": "Boiler",
              "Name": "public_B"
            },
            "timeouts": null,
            "vpc_id": "vpc-0b481c52bcaeec956"
          },
          "private": "eyJlMmJmYjczMC1lY2FhLTExZTYtOGY4OC0zNDM2M2JjN2M0YzAiOnsiY3JlYXRlIjo2MDAwMDAwMDAwMDAsImRlbGV0ZSI6MTIwMDAwMDAwMDAwMH0sInNjaGVtYV92ZXJzaW9uIjoiMSJ9",
          "dependencies": [
            "aws_vpc.main"
          ]
        }
      ]
    },
    {
      "mode": "managed",
      "type": "aws_vpc",
      "name": "main",
      "provider": "provider.aws",
      "instances": [
        {
          "schema_version": 1,
          "attributes": {
            "arn": "arn:aws:ec2:us-east-1:275024362756:vpc/vpc-0b481c52bcaeec956",
            "assign_generated_ipv6_cidr_block": false,
            "cidr_block": "10.0.0.0/16",
            "default_network_acl_id": "acl-076465cea6be37051",
            "default_route_table_id": "rtb-0da8f0a116bec93ed",
            "default_security_group_id": "sg-01771e786382af149",
            "dhcp_options_id": "dopt-047b5f32c2a7e449c",
            "enable_classiclink": false,
            "enable_classiclink_dns_support": false,
            "enable_dns_hostnames": false,
            "enable_dns_support": true,
            "id": "vpc-0b481c52bcaeec956",
            "instance_tenancy": "default",
            "ipv6_association_id": "",
            "ipv6_cidr_block": "",
            "main_route_table_id": "rtb-0da8f0a116bec93ed",
            "owner_id": "275024362756",
            "tags": {
              "App": "Boiler",
              "Name": "Boiler-VPC"
            }
          },
          "private": "eyJzY2hlbWFfdmVyc2lvbiI6IjEifQ=="
        }
      ]
    }
  ]
}
